
Microsoft Visual Studio Solution File, Format Version 12.00
# Visual Studio Version 16
VisualStudioVersion = 16.0.30114.105
MinimumVisualStudioVersion = 10.0.40219.1
Project("{9A19103F-16F7-4668-BE54-9A1E7A4F7556}") = "AppService", "AppService\AppService.csproj", "{98089EFA-F9ED-45F1-940B-67944938EAE3}"
EndProject
Project("{9A19103F-16F7-4668-BE54-9A1E7A4F7556}") = "Manager", "Manager\Manager.csproj", "{73A94AA4-BBFA-4014-88AA-4B886D676979}"
EndProject
Project("{9A19103F-16F7-4668-BE54-9A1E7A4F7556}") = "Repository", "Repository\Repository.csproj", "{A7339470-024B-4A1C-B6DD-E6F48DAE7CBB}"
EndProject
Project("{9A19103F-16F7-4668-BE54-9A1E7A4F7556}") = "Models", "Models\Models.csproj", "{CDBDF615-69D9-4271-AD56-43427B9EA9DC}"
EndProject
Project("{FAE04EC0-301F-11D3-BF4B-00C04F79EFBC}") = "UI", "UI\UI.csproj", "{E8AE4D9B-255B-458C-99BC-E1A699CC7CE1}"
EndProject
Global
	GlobalSection(SolutionConfigurationPlatforms) = preSolution
		Debug|Any CPU = Debug|Any CPU
		Release|Any CPU = Release|Any CPU
	EndGlobalSection
	GlobalSection(ProjectConfigurationPlatforms) = postSolution
		{98089EFA-F9ED-45F1-940B-67944938EAE3}.Debug|Any CPU.ActiveCfg = Debug|Any CPU
		{98089EFA-F9ED-45F1-940B-67944938EAE3}.Debug|Any CPU.Build.0 = Debug|Any CPU
		{98089EFA-F9ED-45F1-940B-67944938EAE3}.Release|Any CPU.ActiveCfg = Release|Any CPU
		{98089EFA-F9ED-45F1-940B-67944938EAE3}.Release|Any CPU.Build.0 = Release|Any CPU
		{73A94AA4-BBFA-4014-88AA-4B886D676979}.Debug|Any CPU.ActiveCfg = Debug|Any CPU
		{73A94AA4-BBFA-4014-88AA-4B886D676979}.Debug|Any CPU.Build.0 = Debug|Any CPU
		{73A94AA4-BBFA-4014-88AA-4B886D676979}.Release|Any CPU.ActiveCfg = Release|Any CPU
		{73A94AA4-BBFA-4014-88AA-4B886D676979}.Release|Any CPU.Build.0 = Release|Any CPU
		{A7339470-024B-4A1C-B6DD-E6F48DAE7CBB}.Debug|Any CPU.ActiveCfg = Debug|Any CPU
		{A7339470-024B-4A1C-B6DD-E6F48DAE7CBB}.Debug|Any CPU.Build.0 = Debug|Any CPU
		{A7339470-024B-4A1C-B6DD-E6F48DAE7CBB}.Release|Any CPU.ActiveCfg = Release|Any CPU
		{A7339470-024B-4A1C-B6DD-E6F48DAE7CBB}.Release|Any CPU.Build.0 = Release|Any CPU
		{CDBDF615-69D9-4271-AD56-43427B9EA9DC}.Debug|Any CPU.ActiveCfg = Debug|Any CPU
		{CDBDF615-69D9-4271-AD56-43427B9EA9DC}.Debug|Any CPU.Build.0 = Debug|Any CPU
		{CDBDF615-69D9-4271-AD56-43427B9EA9DC}.Release|Any CPU.ActiveCfg = Release|Any CPU
		{CDBDF615-69D9-4271-AD56-43427B9EA9DC}.Release|Any CPU.Build.0 = Release|Any CPU
		{E8AE4D9B-255B-458C-99BC-E1A699CC7CE1}.Debug|Any CPU.ActiveCfg = Debug|Any CPU
		{E8AE4D9B-255B-458C-99BC-E1A699CC7CE1}.Debug|Any CPU.Build.0 = Debug|Any CPU
		{E8AE4D9B-255B-458C-99BC-E1A699CC7CE1}.Release|Any CPU.ActiveCfg = Release|Any CPU
		{E8AE4D9B-255B-458C-99BC-E1A699CC7CE1}.Release|Any CPU.Build.0 = Release|Any CPU
	EndGlobalSection
	GlobalSection(SolutionProperties) = preSolution
		HideSolutionNode = FALSE
	EndGlobalSection
	GlobalSection(ExtensibilityGlobals) = postSolution
		SolutionGuid = {AB6B6581-BC27-492C-BDB1-D42C9E55E357}
	EndGlobalSection
EndGlobal
